
Microsoft Visual Studio Solution File, Format Version 12.00
# Visual Studio 15
VisualStudioVersion = 15.0.26228.4
MinimumVisualStudioVersion = 10.0.40219.1
Project("{D954291E-2A0B-460D-934E-DC6B0785DB48}") = "JarKon", "JarKon\JarKon\JarKon.shproj", "{E550D3C6-FA0F-4392-A004-EB718FAF64B6}"
EndProject
Project("{FAE04EC0-301F-11D3-BF4B-00C04F79EFBC}") = "JarKon.Android", "JarKon\JarKon.Android\JarKon.Android.csproj", "{EFA4335D-E323-4E1B-AD86-8488DF819279}"
EndProject
Project("{FAE04EC0-301F-11D3-BF4B-00C04F79EFBC}") = "JarKon.iOS", "JarKon\JarKon.iOS\JarKon.iOS.csproj", "{5AD96137-5AC9-4311-AA62-3658DC9A258C}"
EndProject
Project("{FAE04EC0-301F-11D3-BF4B-00C04F79EFBC}") = "JarKon.UWP", "JarKon\JarKon.UWP\JarKon.UWP.csproj", "{E654A1D5-6747-4867-81A5-85A05928016F}"
EndProject
Global
	GlobalSection(SharedMSBuildProjectFiles) = preSolution
		JarKon\JarKon\JarKon.projitems*{5ad96137-5ac9-4311-aa62-3658dc9a258c}*SharedItemsImports = 4
		JarKon\JarKon\JarKon.projitems*{e550d3c6-fa0f-4392-a004-eb718faf64b6}*SharedItemsImports = 13
		JarKon\JarKon\JarKon.projitems*{efa4335d-e323-4e1b-ad86-8488df819279}*SharedItemsImports = 4
	EndGlobalSection
	GlobalSection(SolutionConfigurationPlatforms) = preSolution
		Ad-Hoc|Any CPU = Ad-Hoc|Any CPU
		Ad-Hoc|ARM = Ad-Hoc|ARM
		Ad-Hoc|iPhone = Ad-Hoc|iPhone
		Ad-Hoc|iPhoneSimulator = Ad-Hoc|iPhoneSimulator
		Ad-Hoc|x64 = Ad-Hoc|x64
		Ad-Hoc|x86 = Ad-Hoc|x86
		AppStore|Any CPU = AppStore|Any CPU
		AppStore|ARM = AppStore|ARM
		AppStore|iPhone = AppStore|iPhone
		AppStore|iPhoneSimulator = AppStore|iPhoneSimulator
		AppStore|x64 = AppStore|x64
		AppStore|x86 = AppStore|x86
		Debug|Any CPU = Debug|Any CPU
		Debug|ARM = Debug|ARM
		Debug|iPhone = Debug|iPhone
		Debug|iPhoneSimulator = Debug|iPhoneSimulator
		Debug|x64 = Debug|x64
		Debug|x86 = Debug|x86
		Release|Any CPU = Release|Any CPU
		Release|ARM = Release|ARM
		Release|iPhone = Release|iPhone
		Release|iPhoneSimulator = Release|iPhoneSimulator
		Release|x64 = Release|x64
		Release|x86 = Release|x86
	EndGlobalSection
	GlobalSection(ProjectConfigurationPlatforms) = postSolution
		{EFA4335D-E323-4E1B-AD86-8488DF819279}.Ad-Hoc|Any CPU.ActiveCfg = Release|Any CPU
		{EFA4335D-E323-4E1B-AD86-8488DF819279}.Ad-Hoc|Any CPU.Build.0 = Release|Any CPU
		{EFA4335D-E323-4E1B-AD86-8488DF819279}.Ad-Hoc|Any CPU.Deploy.0 = Release|Any CPU
		{EFA4335D-E323-4E1B-AD86-8488DF819279}.Ad-Hoc|ARM.ActiveCfg = Release|Any CPU
		{EFA4335D-E323-4E1B-AD86-8488DF819279}.Ad-Hoc|ARM.Build.0 = Release|Any CPU
		{EFA4335D-E323-4E1B-AD86-8488DF819279}.Ad-Hoc|ARM.Deploy.0 = Release|Any CPU
		{EFA4335D-E323-4E1B-AD86-8488DF819279}.Ad-Hoc|iPhone.ActiveCfg = Release|Any CPU
		{EFA4335D-E323-4E1B-AD86-8488DF819279}.Ad-Hoc|iPhone.Build.0 = Release|Any CPU
		{EFA4335D-E323-4E1B-AD86-8488DF819279}.Ad-Hoc|iPhone.Deploy.0 = Release|Any CPU
		{EFA4335D-E323-4E1B-AD86-8488DF819279}.Ad-Hoc|iPhoneSimulator.ActiveCfg = Release|Any CPU
		{EFA4335D-E323-4E1B-AD86-8488DF819279}.Ad-Hoc|iPhoneSimulator.Build.0 = Release|Any CPU
		{EFA4335D-E323-4E1B-AD86-8488DF819279}.Ad-Hoc|iPhoneSimulator.Deploy.0 = Release|Any CPU
		{EFA4335D-E323-4E1B-AD86-8488DF819279}.Ad-Hoc|x64.ActiveCfg = Release|Any CPU
		{EFA4335D-E323-4E1B-AD86-8488DF819279}.Ad-Hoc|x64.Build.0 = Release|Any CPU
		{EFA4335D-E323-4E1B-AD86-8488DF819279}.Ad-Hoc|x64.Deploy.0 = Release|Any CPU
		{EFA4335D-E323-4E1B-AD86-8488DF819279}.Ad-Hoc|x86.ActiveCfg = Release|Any CPU
		{EFA4335D-E323-4E1B-AD86-8488DF819279}.Ad-Hoc|x86.Build.0 = Release|Any CPU
		{EFA4335D-E323-4E1B-AD86-8488DF819279}.Ad-Hoc|x86.Deploy.0 = Release|Any CPU
		{EFA4335D-E323-4E1B-AD86-8488DF819279}.AppStore|Any CPU.ActiveCfg = Release|Any CPU
		{EFA4335D-E323-4E1B-AD86-8488DF819279}.AppStore|Any CPU.Build.0 = Release|Any CPU
		{EFA4335D-E323-4E1B-AD86-8488DF819279}.AppStore|Any CPU.Deploy.0 = Release|Any CPU
		{EFA4335D-E323-4E1B-AD86-8488DF819279}.AppStore|ARM.ActiveCfg = Release|Any CPU
		{EFA4335D-E323-4E1B-AD86-8488DF819279}.AppStore|ARM.Build.0 = Release|Any CPU
		{EFA4335D-E323-4E1B-AD86-8488DF819279}.AppStore|ARM.Deploy.0 = Release|Any CPU
		{EFA4335D-E323-4E1B-AD86-8488DF819279}.AppStore|iPhone.ActiveCfg = Release|Any CPU
		{EFA4335D-E323-4E1B-AD86-8488DF819279}.AppStore|iPhone.Build.0 = Release|Any CPU
		{EFA4335D-E323-4E1B-AD86-8488DF819279}.AppStore|iPhone.Deploy.0 = Release|Any CPU
		{EFA4335D-E323-4E1B-AD86-8488DF819279}.AppStore|iPhoneSimulator.ActiveCfg = Release|Any CPU
		{EFA4335D-E323-4E1B-AD86-8488DF819279}.AppStore|iPhoneSimulator.Build.0 = Release|Any CPU
		{EFA4335D-E323-4E1B-AD86-8488DF819279}.AppStore|iPhoneSimulator.Deploy.0 = Release|Any CPU
		{EFA4335D-E323-4E1B-AD86-8488DF819279}.AppStore|x64.ActiveCfg = Release|Any CPU
		{EFA4335D-E323-4E1B-AD86-8488DF819279}.AppStore|x64.Build.0 = Release|Any CPU
		{EFA4335D-E323-4E1B-AD86-8488DF819279}.AppStore|x64.Deploy.0 = Release|Any CPU
		{EFA4335D-E323-4E1B-AD86-8488DF819279}.AppStore|x86.ActiveCfg = Release|Any CPU
		{EFA4335D-E323-4E1B-AD86-8488DF819279}.AppStore|x86.Build.0 = Release|Any CPU
		{EFA4335D-E323-4E1B-AD86-8488DF819279}.AppStore|x86.Deploy.0 = Release|Any CPU
		{EFA4335D-E323-4E1B-AD86-8488DF819279}.Debug|Any CPU.ActiveCfg = Debug|Any CPU
		{EFA4335D-E323-4E1B-AD86-8488DF819279}.Debug|Any CPU.Build.0 = Debug|Any CPU
		{EFA4335D-E323-4E1B-AD86-8488DF819279}.Debug|Any CPU.Deploy.0 = Debug|Any CPU
		{EFA4335D-E323-4E1B-AD86-8488DF819279}.Debug|ARM.ActiveCfg = Debug|Any CPU
		{EFA4335D-E323-4E1B-AD86-8488DF819279}.Debug|ARM.Build.0 = Debug|Any CPU
		{EFA4335D-E323-4E1B-AD86-8488DF819279}.Debug|ARM.Deploy.0 = Debug|Any CPU
		{EFA4335D-E323-4E1B-AD86-8488DF819279}.Debug|iPhone.ActiveCfg = Debug|Any CPU
		{EFA4335D-E323-4E1B-AD86-8488DF819279}.Debug|iPhone.Build.0 = Debug|Any CPU
		{EFA4335D-E323-4E1B-AD86-8488DF819279}.Debug|iPhone.Deploy.0 = Debug|Any CPU
		{EFA4335D-E323-4E1B-AD86-8488DF819279}.Debug|iPhoneSimulator.ActiveCfg = Debug|Any CPU
		{EFA4335D-E323-4E1B-AD86-8488DF819279}.Debug|iPhoneSimulator.Build.0 = Debug|Any CPU
		{EFA4335D-E323-4E1B-AD86-8488DF819279}.Debug|iPhoneSimulator.Deploy.0 = Debug|Any CPU
		{EFA4335D-E323-4E1B-AD86-8488DF819279}.Debug|x64.ActiveCfg = Debug|Any CPU
		{EFA4335D-E323-4E1B-AD86-8488DF819279}.Debug|x64.Build.0 = Debug|Any CPU
		{EFA4335D-E323-4E1B-AD86-8488DF819279}.Debug|x64.Deploy.0 = Debug|Any CPU
		{EFA4335D-E323-4E1B-AD86-8488DF819279}.Debug|x86.ActiveCfg = Debug|Any CPU
		{EFA4335D-E323-4E1B-AD86-8488DF819279}.Debug|x86.Build.0 = Debug|Any CPU
		{EFA4335D-E323-4E1B-AD86-8488DF819279}.Debug|x86.Deploy.0 = Debug|Any CPU
		{EFA4335D-E323-4E1B-AD86-8488DF819279}.Release|Any CPU.ActiveCfg = Release|Any CPU
		{EFA4335D-E323-4E1B-AD86-8488DF819279}.Release|Any CPU.Build.0 = Release|Any CPU
		{EFA4335D-E323-4E1B-AD86-8488DF819279}.Release|Any CPU.Deploy.0 = Release|Any CPU
		{EFA4335D-E323-4E1B-AD86-8488DF819279}.Release|ARM.ActiveCfg = Release|Any CPU
		{EFA4335D-E323-4E1B-AD86-8488DF819279}.Release|ARM.Build.0 = Release|Any CPU
		{EFA4335D-E323-4E1B-AD86-8488DF819279}.Release|ARM.Deploy.0 = Release|Any CPU
		{EFA4335D-E323-4E1B-AD86-8488DF819279}.Release|iPhone.ActiveCfg = Release|Any CPU
		{EFA4335D-E323-4E1B-AD86-8488DF819279}.Release|iPhone.Build.0 = Release|Any CPU
		{EFA4335D-E323-4E1B-AD86-8488DF819279}.Release|iPhone.Deploy.0 = Release|Any CPU
		{EFA4335D-E323-4E1B-AD86-8488DF819279}.Release|iPhoneSimulator.ActiveCfg = Release|Any CPU
		{EFA4335D-E323-4E1B-AD86-8488DF819279}.Release|iPhoneSimulator.Build.0 = Release|Any CPU
		{EFA4335D-E323-4E1B-AD86-8488DF819279}.Release|iPhoneSimulator.Deploy.0 = Release|Any CPU
		{EFA4335D-E323-4E1B-AD86-8488DF819279}.Release|x64.ActiveCfg = Release|Any CPU
		{EFA4335D-E323-4E1B-AD86-8488DF819279}.Release|x64.Build.0 = Release|Any CPU
		{EFA4335D-E323-4E1B-AD86-8488DF819279}.Release|x64.Deploy.0 = Release|Any CPU
		{EFA4335D-E323-4E1B-AD86-8488DF819279}.Release|x86.ActiveCfg = Release|Any CPU
		{EFA4335D-E323-4E1B-AD86-8488DF819279}.Release|x86.Build.0 = Release|Any CPU
		{EFA4335D-E323-4E1B-AD86-8488DF819279}.Release|x86.Deploy.0 = Release|Any CPU
		{5AD96137-5AC9-4311-AA62-3658DC9A258C}.Ad-Hoc|Any CPU.ActiveCfg = Ad-Hoc|iPhone
		{5AD96137-5AC9-4311-AA62-3658DC9A258C}.Ad-Hoc|ARM.ActiveCfg = Ad-Hoc|iPhone
		{5AD96137-5AC9-4311-AA62-3658DC9A258C}.Ad-Hoc|iPhone.ActiveCfg = Ad-Hoc|iPhone
		{5AD96137-5AC9-4311-AA62-3658DC9A258C}.Ad-Hoc|iPhone.Build.0 = Ad-Hoc|iPhone
		{5AD96137-5AC9-4311-AA62-3658DC9A258C}.Ad-Hoc|iPhoneSimulator.ActiveCfg = Ad-Hoc|iPhoneSimulator
		{5AD96137-5AC9-4311-AA62-3658DC9A258C}.Ad-Hoc|iPhoneSimulator.Build.0 = Ad-Hoc|iPhoneSimulator
		{5AD96137-5AC9-4311-AA62-3658DC9A258C}.Ad-Hoc|x64.ActiveCfg = Ad-Hoc|iPhone
		{5AD96137-5AC9-4311-AA62-3658DC9A258C}.Ad-Hoc|x86.ActiveCfg = Ad-Hoc|iPhone
		{5AD96137-5AC9-4311-AA62-3658DC9A258C}.AppStore|Any CPU.ActiveCfg = AppStore|iPhone
		{5AD96137-5AC9-4311-AA62-3658DC9A258C}.AppStore|ARM.ActiveCfg = AppStore|iPhone
		{5AD96137-5AC9-4311-AA62-3658DC9A258C}.AppStore|iPhone.ActiveCfg = AppStore|iPhone
		{5AD96137-5AC9-4311-AA62-3658DC9A258C}.AppStore|iPhone.Build.0 = AppStore|iPhone
		{5AD96137-5AC9-4311-AA62-3658DC9A258C}.AppStore|iPhoneSimulator.ActiveCfg = AppStore|iPhoneSimulator
		{5AD96137-5AC9-4311-AA62-3658DC9A258C}.AppStore|iPhoneSimulator.Build.0 = AppStore|iPhoneSimulator
		{5AD96137-5AC9-4311-AA62-3658DC9A258C}.AppStore|x64.ActiveCfg = AppStore|iPhone
		{5AD96137-5AC9-4311-AA62-3658DC9A258C}.AppStore|x86.ActiveCfg = AppStore|iPhone
		{5AD96137-5AC9-4311-AA62-3658DC9A258C}.Debug|Any CPU.ActiveCfg = Debug|iPhone
		{5AD96137-5AC9-4311-AA62-3658DC9A258C}.Debug|ARM.ActiveCfg = Debug|iPhone
		{5AD96137-5AC9-4311-AA62-3658DC9A258C}.Debug|iPhone.ActiveCfg = Debug|iPhone
		{5AD96137-5AC9-4311-AA62-3658DC9A258C}.Debug|iPhone.Build.0 = Debug|iPhone
		{5AD96137-5AC9-4311-AA62-3658DC9A258C}.Debug|iPhoneSimulator.ActiveCfg = Debug|iPhoneSimulator
		{5AD96137-5AC9-4311-AA62-3658DC9A258C}.Debug|iPhoneSimulator.Build.0 = Debug|iPhoneSimulator
		{5AD96137-5AC9-4311-AA62-3658DC9A258C}.Debug|x64.ActiveCfg = Debug|iPhone
		{5AD96137-5AC9-4311-AA62-3658DC9A258C}.Debug|x86.ActiveCfg = Debug|iPhone
		{5AD96137-5AC9-4311-AA62-3658DC9A258C}.Release|Any CPU.ActiveCfg = Release|iPhone
		{5AD96137-5AC9-4311-AA62-3658DC9A258C}.Release|ARM.ActiveCfg = Release|iPhone
		{5AD96137-5AC9-4311-AA62-3658DC9A258C}.Release|iPhone.ActiveCfg = Release|iPhone
		{5AD96137-5AC9-4311-AA62-3658DC9A258C}.Release|iPhone.Build.0 = Release|iPhone
		{5AD96137-5AC9-4311-AA62-3658DC9A258C}.Release|iPhoneSimulator.ActiveCfg = Release|iPhoneSimulator
		{5AD96137-5AC9-4311-AA62-3658DC9A258C}.Release|iPhoneSimulator.Build.0 = Release|iPhoneSimulator
		{5AD96137-5AC9-4311-AA62-3658DC9A258C}.Release|x64.ActiveCfg = Release|iPhone
		{5AD96137-5AC9-4311-AA62-3658DC9A258C}.Release|x86.ActiveCfg = Release|iPhone
		{E654A1D5-6747-4867-81A5-85A05928016F}.Ad-Hoc|Any CPU.ActiveCfg = Release|x86
		{E654A1D5-6747-4867-81A5-85A05928016F}.Ad-Hoc|Any CPU.Build.0 = Release|x86
		{E654A1D5-6747-4867-81A5-85A05928016F}.Ad-Hoc|Any CPU.Deploy.0 = Release|x86
		{E654A1D5-6747-4867-81A5-85A05928016F}.Ad-Hoc|ARM.ActiveCfg = Release|ARM
		{E654A1D5-6747-4867-81A5-85A05928016F}.Ad-Hoc|ARM.Build.0 = Release|ARM
		{E654A1D5-6747-4867-81A5-85A05928016F}.Ad-Hoc|ARM.Deploy.0 = Release|ARM
		{E654A1D5-6747-4867-81A5-85A05928016F}.Ad-Hoc|iPhone.ActiveCfg = Release|x86
		{E654A1D5-6747-4867-81A5-85A05928016F}.Ad-Hoc|iPhone.Build.0 = Release|x86
		{E654A1D5-6747-4867-81A5-85A05928016F}.Ad-Hoc|iPhone.Deploy.0 = Release|x86
		{E654A1D5-6747-4867-81A5-85A05928016F}.Ad-Hoc|iPhoneSimulator.ActiveCfg = Release|x86
		{E654A1D5-6747-4867-81A5-85A05928016F}.Ad-Hoc|iPhoneSimulator.Build.0 = Release|x86
		{E654A1D5-6747-4867-81A5-85A05928016F}.Ad-Hoc|iPhoneSimulator.Deploy.0 = Release|x86
		{E654A1D5-6747-4867-81A5-85A05928016F}.Ad-Hoc|x64.ActiveCfg = Release|x64
		{E654A1D5-6747-4867-81A5-85A05928016F}.Ad-Hoc|x64.Build.0 = Release|x64
		{E654A1D5-6747-4867-81A5-85A05928016F}.Ad-Hoc|x64.Deploy.0 = Release|x64
		{E654A1D5-6747-4867-81A5-85A05928016F}.Ad-Hoc|x86.ActiveCfg = Release|x86
		{E654A1D5-6747-4867-81A5-85A05928016F}.Ad-Hoc|x86.Build.0 = Release|x86
		{E654A1D5-6747-4867-81A5-85A05928016F}.Ad-Hoc|x86.Deploy.0 = Release|x86
		{E654A1D5-6747-4867-81A5-85A05928016F}.AppStore|Any CPU.ActiveCfg = Release|x86
		{E654A1D5-6747-4867-81A5-85A05928016F}.AppStore|Any CPU.Build.0 = Release|x86
		{E654A1D5-6747-4867-81A5-85A05928016F}.AppStore|Any CPU.Deploy.0 = Release|x86
		{E654A1D5-6747-4867-81A5-85A05928016F}.AppStore|ARM.ActiveCfg = Release|ARM
		{E654A1D5-6747-4867-81A5-85A05928016F}.AppStore|ARM.Build.0 = Release|ARM
		{E654A1D5-6747-4867-81A5-85A05928016F}.AppStore|ARM.Deploy.0 = Release|ARM
		{E654A1D5-6747-4867-81A5-85A05928016F}.AppStore|iPhone.ActiveCfg = Release|x86
		{E654A1D5-6747-4867-81A5-85A05928016F}.AppStore|iPhone.Build.0 = Release|x86
		{E654A1D5-6747-4867-81A5-85A05928016F}.AppStore|iPhone.Deploy.0 = Release|x86
		{E654A1D5-6747-4867-81A5-85A05928016F}.AppStore|iPhoneSimulator.ActiveCfg = Release|x86
		{E654A1D5-6747-4867-81A5-85A05928016F}.AppStore|iPhoneSimulator.Build.0 = Release|x86
		{E654A1D5-6747-4867-81A5-85A05928016F}.AppStore|iPhoneSimulator.Deploy.0 = Release|x86
		{E654A1D5-6747-4867-81A5-85A05928016F}.AppStore|x64.ActiveCfg = Release|x64
		{E654A1D5-6747-4867-81A5-85A05928016F}.AppStore|x64.Build.0 = Release|x64
		{E654A1D5-6747-4867-81A5-85A05928016F}.AppStore|x64.Deploy.0 = Release|x64
		{E654A1D5-6747-4867-81A5-85A05928016F}.AppStore|x86.ActiveCfg = Release|x86
		{E654A1D5-6747-4867-81A5-85A05928016F}.AppStore|x86.Build.0 = Release|x86
		{E654A1D5-6747-4867-81A5-85A05928016F}.AppStore|x86.Deploy.0 = Release|x86
		{E654A1D5-6747-4867-81A5-85A05928016F}.Debug|Any CPU.ActiveCfg = Debug|x86
		{E654A1D5-6747-4867-81A5-85A05928016F}.Debug|ARM.ActiveCfg = Debug|ARM
		{E654A1D5-6747-4867-81A5-85A05928016F}.Debug|ARM.Build.0 = Debug|ARM
		{E654A1D5-6747-4867-81A5-85A05928016F}.Debug|ARM.Deploy.0 = Debug|ARM
		{E654A1D5-6747-4867-81A5-85A05928016F}.Debug|iPhone.ActiveCfg = Debug|x86
		{E654A1D5-6747-4867-81A5-85A05928016F}.Debug|iPhoneSimulator.ActiveCfg = Debug|x86
		{E654A1D5-6747-4867-81A5-85A05928016F}.Debug|x64.ActiveCfg = Debug|x64
		{E654A1D5-6747-4867-81A5-85A05928016F}.Debug|x64.Build.0 = Debug|x64
		{E654A1D5-6747-4867-81A5-85A05928016F}.Debug|x64.Deploy.0 = Debug|x64
		{E654A1D5-6747-4867-81A5-85A05928016F}.Debug|x86.ActiveCfg = Debug|x86
		{E654A1D5-6747-4867-81A5-85A05928016F}.Debug|x86.Build.0 = Debug|x86
		{E654A1D5-6747-4867-81A5-85A05928016F}.Debug|x86.Deploy.0 = Debug|x86
		{E654A1D5-6747-4867-81A5-85A05928016F}.Release|Any CPU.ActiveCfg = Release|x86
		{E654A1D5-6747-4867-81A5-85A05928016F}.Release|ARM.ActiveCfg = Release|ARM
		{E654A1D5-6747-4867-81A5-85A05928016F}.Release|ARM.Build.0 = Release|ARM
		{E654A1D5-6747-4867-81A5-85A05928016F}.Release|ARM.Deploy.0 = Release|ARM
		{E654A1D5-6747-4867-81A5-85A05928016F}.Release|iPhone.ActiveCfg = Release|x86
		{E654A1D5-6747-4867-81A5-85A05928016F}.Release|iPhoneSimulator.ActiveCfg = Release|x86
		{E654A1D5-6747-4867-81A5-85A05928016F}.Release|x64.ActiveCfg = Release|x64
		{E654A1D5-6747-4867-81A5-85A05928016F}.Release|x64.Build.0 = Release|x64
		{E654A1D5-6747-4867-81A5-85A05928016F}.Release|x64.Deploy.0 = Release|x64
		{E654A1D5-6747-4867-81A5-85A05928016F}.Release|x86.ActiveCfg = Release|x86
		{E654A1D5-6747-4867-81A5-85A05928016F}.Release|x86.Build.0 = Release|x86
		{E654A1D5-6747-4867-81A5-85A05928016F}.Release|x86.Deploy.0 = Release|x86
	EndGlobalSection
	GlobalSection(SolutionProperties) = preSolution
		HideSolutionNode = FALSE
	EndGlobalSection
EndGlobal
